// !$*UTF8*$!
{
	archiveVersion = 1;
	classes = {
	};
	objectVersion = 46;
	objects = {

/* Begin PBXBuildFile section */
		92EC47FA1C0B8FE4007A2947 /* AppDelegate.swift in Sources */ = {isa = PBXBuildFile; fileRef = 92EC47F91C0B8FE4007A2947 /* AppDelegate.swift */; };
		92EC47FF1C0B8FE4007A2947 /* Main.storyboard in Resources */ = {isa = PBXBuildFile; fileRef = 92EC47FD1C0B8FE4007A2947 /* Main.storyboard */; };
		92EC48011C0B8FE4007A2947 /* Assets.xcassets in Resources */ = {isa = PBXBuildFile; fileRef = 92EC48001C0B8FE4007A2947 /* Assets.xcassets */; };
		92EC48041C0B8FE4007A2947 /* LaunchScreen.storyboard in Resources */ = {isa = PBXBuildFile; fileRef = 92EC48021C0B8FE4007A2947 /* LaunchScreen.storyboard */; };
		92EC480F1C0B8FE4007A2947 /* FriendsPhotosTests.swift in Sources */ = {isa = PBXBuildFile; fileRef = 92EC480E1C0B8FE4007A2947 /* FriendsPhotosTests.swift */; };
		92EC481A1C0B8FE4007A2947 /* FriendsPhotosUITests.swift in Sources */ = {isa = PBXBuildFile; fileRef = 92EC48191C0B8FE4007A2947 /* FriendsPhotosUITests.swift */; };
		92EC48281C0B9002007A2947 /* File.swift in Sources */ = {isa = PBXBuildFile; fileRef = 92EC48271C0B9002007A2947 /* File.swift */; };
		92EC48301C0B9336007A2947 /* MainTableViewController.swift in Sources */ = {isa = PBXBuildFile; fileRef = 92EC482F1C0B9336007A2947 /* MainTableViewController.swift */; };
		92EC48321C0B9A9E007A2947 /* PhotoViewController.swift in Sources */ = {isa = PBXBuildFile; fileRef = 92EC48311C0B9A9E007A2947 /* PhotoViewController.swift */; };
		92EC48341C0BA038007A2947 /* NotesViewController.swift in Sources */ = {isa = PBXBuildFile; fileRef = 92EC48331C0BA038007A2947 /* NotesViewController.swift */; };
/* End PBXBuildFile section */

/* Begin PBXContainerItemProxy section */
		92EC480B1C0B8FE4007A2947 /* PBXContainerItemProxy */ = {
			isa = PBXContainerItemProxy;
			containerPortal = 92EC47EE1C0B8FE4007A2947 /* Project object */;
			proxyType = 1;
			remoteGlobalIDString = 92EC47F51C0B8FE4007A2947;
			remoteInfo = FriendsPhotos;
		};
		92EC48161C0B8FE4007A2947 /* PBXContainerItemProxy */ = {
			isa = PBXContainerItemProxy;
			containerPortal = 92EC47EE1C0B8FE4007A2947 /* Project object */;
			proxyType = 1;
			remoteGlobalIDString = 92EC47F51C0B8FE4007A2947;
			remoteInfo = FriendsPhotos;
		};
/* End PBXContainerItemProxy section */

/* Begin PBXFileReference section */
		92EC47F61C0B8FE4007A2947 /* FriendsPhotos.app */ = {isa = PBXFileReference; explicitFileType = wrapper.application; includeInIndex = 0; path = FriendsPhotos.app; sourceTree = BUILT_PRODUCTS_DIR; };
		92EC47F91C0B8FE4007A2947 /* AppDelegate.swift */ = {isa = PBXFileReference; lastKnownFileType = sourcecode.swift; path = AppDelegate.swift; sourceTree = "<group>"; };
		92EC47FE1C0B8FE4007A2947 /* Base */ = {isa = PBXFileReference; lastKnownFileType = file.storyboard; name = Base; path = Base.lproj/Main.storyboard; sourceTree = "<group>"; };
		92EC48001C0B8FE4007A2947 /* Assets.xcassets */ = {isa = PBXFileReference; lastKnownFileType = folder.assetcatalog; path = Assets.xcassets; sourceTree = "<group>"; };
		92EC48031C0B8FE4007A2947 /* Base */ = {isa = PBXFileReference; lastKnownFileType = file.storyboard; name = Base; path = Base.lproj/LaunchScreen.storyboard; sourceTree = "<group>"; };
		92EC48051C0B8FE4007A2947 /* Info.plist */ = {isa = PBXFileReference; lastKnownFileType = text.plist.xml; path = Info.plist; sourceTree = "<group>"; };
		92EC480A1C0B8FE4007A2947 /* FriendsPhotosTests.xctest */ = {isa = PBXFileReference; explicitFileType = wrapper.cfbundle; includeInIndex = 0; path = FriendsPhotosTests.xctest; sourceTree = BUILT_PRODUCTS_DIR; };
		92EC480E1C0B8FE4007A2947 /* FriendsPhotosTests.swift */ = {isa = PBXFileReference; lastKnownFileType = sourcecode.swift; path = FriendsPhotosTests.swift; sourceTree = "<group>"; };
		92EC48101C0B8FE4007A2947 /* Info.plist */ = {isa = PBXFileReference; lastKnownFileType = text.plist.xml; path = Info.plist; sourceTree = "<group>"; };
		92EC48151C0B8FE4007A2947 /* FriendsPhotosUITests.xctest */ = {isa = PBXFileReference; explicitFileType = wrapper.cfbundle; includeInIndex = 0; path = FriendsPhotosUITests.xctest; sourceTree = BUILT_PRODUCTS_DIR; };
		92EC48191C0B8FE4007A2947 /* FriendsPhotosUITests.swift */ = {isa = PBXFileReference; lastKnownFileType = sourcecode.swift; path = FriendsPhotosUITests.swift; sourceTree = "<group>"; };
		92EC481B1C0B8FE4007A2947 /* Info.plist */ = {isa = PBXFileReference; lastKnownFileType = text.plist.xml; path = Info.plist; sourceTree = "<group>"; };
		92EC48271C0B9002007A2947 /* File.swift */ = {isa = PBXFileReference; fileEncoding = 4; lastKnownFileType = sourcecode.swift; name = File.swift; path = ../File.swift; sourceTree = "<group>"; };
		92EC482F1C0B9336007A2947 /* MainTableViewController.swift */ = {isa = PBXFileReference; fileEncoding = 4; lastKnownFileType = sourcecode.swift; name = MainTableViewController.swift; path = ../MainTableViewController.swift; sourceTree = "<group>"; };
		92EC48311C0B9A9E007A2947 /* PhotoViewController.swift */ = {isa = PBXFileReference; fileEncoding = 4; lastKnownFileType = sourcecode.swift; path = PhotoViewController.swift; sourceTree = "<group>"; };
		92EC48331C0BA038007A2947 /* NotesViewController.swift */ = {isa = PBXFileReference; fileEncoding = 4; lastKnownFileType = sourcecode.swift; path = NotesViewController.swift; sourceTree = "<group>"; };
/* End PBXFileReference section */

/* Begin PBXFrameworksBuildPhase section */
		92EC47F31C0B8FE4007A2947 /* Frameworks */ = {
			isa = PBXFrameworksBuildPhase;
			buildActionMask = 2147483647;
			files = (
			);
			runOnlyForDeploymentPostprocessing = 0;
		};
		92EC48071C0B8FE4007A2947 /* Frameworks */ = {
			isa = PBXFrameworksBuildPhase;
			buildActionMask = 2147483647;
			files = (
			);
			runOnlyForDeploymentPostprocessing = 0;
		};
		92EC48121C0B8FE4007A2947 /* Frameworks */ = {
			isa = PBXFrameworksBuildPhase;
			buildActionMask = 2147483647;
			files = (
			);
			runOnlyForDeploymentPostprocessing = 0;
		};
/* End PBXFrameworksBuildPhase section */

/* Begin PBXGroup section */
		92EC47ED1C0B8FE4007A2947 = {
			isa = PBXGroup;
			children = (
				92EC47F81C0B8FE4007A2947 /* FriendsPhotos */,
				92EC480D1C0B8FE4007A2947 /* FriendsPhotosTests */,
				92EC48181C0B8FE4007A2947 /* FriendsPhotosUITests */,
				92EC47F71C0B8FE4007A2947 /* Products */,
			);
			sourceTree = "<group>";
		};
		92EC47F71C0B8FE4007A2947 /* Products */ = {
			isa = PBXGroup;
			children = (
				92EC47F61C0B8FE4007A2947 /* FriendsPhotos.app */,
				92EC480A1C0B8FE4007A2947 /* FriendsPhotosTests.xctest */,
				92EC48151C0B8FE4007A2947 /* FriendsPhotosUITests.xctest */,
			);
			name = Products;
			sourceTree = "<group>";
		};
		92EC47F81C0B8FE4007A2947 /* FriendsPhotos */ = {
			isa = PBXGroup;
			children = (
				92EC47F91C0B8FE4007A2947 /* AppDelegate.swift */,
				92EC482F1C0B9336007A2947 /* MainTableViewController.swift */,
				92EC48311C0B9A9E007A2947 /* PhotoViewController.swift */,
				92EC48331C0BA038007A2947 /* NotesViewController.swift */,
				92EC47FD1C0B8FE4007A2947 /* Main.storyboard */,
				92EC48001C0B8FE4007A2947 /* Assets.xcassets */,
				92EC48021C0B8FE4007A2947 /* LaunchScreen.storyboard */,
				92EC48051C0B8FE4007A2947 /* Info.plist */,
				92EC48271C0B9002007A2947 /* File.swift */,
			);
			path = FriendsPhotos;
			sourceTree = "<group>";
		};
		92EC480D1C0B8FE4007A2947 /* FriendsPhotosTests */ = {
			isa = PBXGroup;
			children = (
				92EC480E1C0B8FE4007A2947 /* FriendsPhotosTests.swift */,
				92EC48101C0B8FE4007A2947 /* Info.plist */,
			);
			path = FriendsPhotosTests;
			sourceTree = "<group>";
		};
		92EC48181C0B8FE4007A2947 /* FriendsPhotosUITests */ = {
			isa = PBXGroup;
			children = (
				92EC48191C0B8FE4007A2947 /* FriendsPhotosUITests.swift */,
				92EC481B1C0B8FE4007A2947 /* Info.plist */,
			);
			path = FriendsPhotosUITests;
			sourceTree = "<group>";
		};
/* End PBXGroup section */

/* Begin PBXNativeTarget section */
		92EC47F51C0B8FE4007A2947 /* FriendsPhotos */ = {
			isa = PBXNativeTarget;
			buildConfigurationList = 92EC481E1C0B8FE4007A2947 /* Build configuration list for PBXNativeTarget "FriendsPhotos" */;
			buildPhases = (
				92EC47F21C0B8FE4007A2947 /* Sources */,
				92EC47F31C0B8FE4007A2947 /* Frameworks */,
				92EC47F41C0B8FE4007A2947 /* Resources */,
			);
			buildRules = (
			);
			dependencies = (
			);
			name = FriendsPhotos;
			productName = FriendsPhotos;
			productReference = 92EC47F61C0B8FE4007A2947 /* FriendsPhotos.app */;
			productType = "com.apple.product-type.application";
		};
		92EC48091C0B8FE4007A2947 /* FriendsPhotosTests */ = {
			isa = PBXNativeTarget;
			buildConfigurationList = 92EC48211C0B8FE4007A2947 /* Build configuration list for PBXNativeTarget "FriendsPhotosTests" */;
			buildPhases = (
				92EC48061C0B8FE4007A2947 /* Sources */,
				92EC48071C0B8FE4007A2947 /* Frameworks */,
				92EC48081C0B8FE4007A2947 /* Resources */,
			);
			buildRules = (
			);
			dependencies = (
				92EC480C1C0B8FE4007A2947 /* PBXTargetDependency */,
			);
			name = FriendsPhotosTests;
			productName = FriendsPhotosTests;
			productReference = 92EC480A1C0B8FE4007A2947 /* FriendsPhotosTests.xctest */;
			productType = "com.apple.product-type.bundle.unit-test";
		};
		92EC48141C0B8FE4007A2947 /* FriendsPhotosUITests */ = {
			isa = PBXNativeTarget;
			buildConfigurationList = 92EC48241C0B8FE4007A2947 /* Build configuration list for PBXNativeTarget "FriendsPhotosUITests" */;
			buildPhases = (
				92EC48111C0B8FE4007A2947 /* Sources */,
				92EC48121C0B8FE4007A2947 /* Frameworks */,
				92EC48131C0B8FE4007A2947 /* Resources */,
			);
			buildRules = (
			);
			dependencies = (
				92EC48171C0B8FE4007A2947 /* PBXTargetDependency */,
			);
			name = FriendsPhotosUITests;
			productName = FriendsPhotosUITests;
			productReference = 92EC48151C0B8FE4007A2947 /* FriendsPhotosUITests.xctest */;
			productType = "com.apple.product-type.bundle.ui-testing";
		};
/* End PBXNativeTarget section */

/* Begin PBXProject section */
		92EC47EE1C0B8FE4007A2947 /* Project object */ = {
			isa = PBXProject;
			attributes = {
				LastSwiftUpdateCheck = 0710;
				LastUpgradeCheck = 0710;
				ORGANIZATIONNAME = "Ivo Radoslavov";
				TargetAttributes = {
					92EC47F51C0B8FE4007A2947 = {
						CreatedOnToolsVersion = 7.1.1;
						DevelopmentTeam = 22C9GFUKE2;
					};
					92EC48091C0B8FE4007A2947 = {
						CreatedOnToolsVersion = 7.1.1;
						DevelopmentTeam = 22C9GFUKE2;
						TestTargetID = 92EC47F51C0B8FE4007A2947;
					};
					92EC48141C0B8FE4007A2947 = {
						CreatedOnToolsVersion = 7.1.1;
						DevelopmentTeam = 22C9GFUKE2;
						TestTargetID = 92EC47F51C0B8FE4007A2947;
					};
				};
			};
			buildConfigurationList = 92EC47F11C0B8FE4007A2947 /* Build configuration list for PBXProject "FriendsPhotos" */;
			compatibilityVersion = "Xcode 3.2";
			developmentRegion = English;
			hasScannedForEncodings = 0;
			knownRegions = (
				en,
				Base,
			);
			mainGroup = 92EC47ED1C0B8FE4007A2947;
			productRefGroup = 92EC47F71C0B8FE4007A2947 /* Products */;
			projectDirPath = "";
			projectRoot = "";
			targets = (
				92EC47F51C0B8FE4007A2947 /* FriendsPhotos */,
				92EC48091C0B8FE4007A2947 /* FriendsPhotosTests */,
				92EC48141C0B8FE4007A2947 /* FriendsPhotosUITests */,
			);
		};
/* End PBXProject section */

/* Begin PBXResourcesBuildPhase section */
		92EC47F41C0B8FE4007A2947 /* Resources */ = {
			isa = PBXResourcesBuildPhase;
			buildActionMask = 2147483647;
			files = (
				92EC48041C0B8FE4007A2947 /* LaunchScreen.storyboard in Resources */,
				92EC48011C0B8FE4007A2947 /* Assets.xcassets in Resources */,
				92EC47FF1C0B8FE4007A2947 /* Main.storyboard in Resources */,
			);
			runOnlyForDeploymentPostprocessing = 0;
		};
		92EC48081C0B8FE4007A2947 /* Resources */ = {
			isa = PBXResourcesBuildPhase;
			buildActionMask = 2147483647;
			files = (
			);
			runOnlyForDeploymentPostprocessing = 0;
		};
		92EC48131C0B8FE4007A2947 /* Resources */ = {
			isa = PBXResourcesBuildPhase;
			buildActionMask = 2147483647;
			files = (
			);
			runOnlyForDeploymentPostprocessing = 0;
		};
/* End PBXResourcesBuildPhase section */

/* Begin PBXSourcesBuildPhase section */
		92EC47F21C0B8FE4007A2947 /* Sources */ = {
			isa = PBXSourcesBuildPhase;
			buildActionMask = 2147483647;
			files = (
				92EC47FA1C0B8FE4007A2947 /* AppDelegate.swift in Sources */,
				92EC48341C0BA038007A2947 /* NotesViewController.swift in Sources */,
				92EC48321C0B9A9E007A2947 /* PhotoViewController.swift in Sources */,
				92EC48301C0B9336007A2947 /* MainTableViewController.swift in Sources */,
				92EC48281C0B9002007A2947 /* File.swift in Sources */,
			);
			runOnlyForDeploymentPostprocessing = 0;
		};
		92EC48061C0B8FE4007A2947 /* Sources */ = {
			isa = PBXSourcesBuildPhase;
			buildActionMask = 2147483647;
			files = (
				92EC480F1C0B8FE4007A2947 /* FriendsPhotosTests.swift in Sources */,
			);
			runOnlyForDeploymentPostprocessing = 0;
		};
		92EC48111C0B8FE4007A2947 /* Sources */ = {
			isa = PBXSourcesBuildPhase;
			buildActionMask = 2147483647;
			files = (
				92EC481A1C0B8FE4007A2947 /* FriendsPhotosUITests.swift in Sources */,
			);
			runOnlyForDeploymentPostprocessing = 0;
		};
/* End PBXSourcesBuildPhase section */

/* Begin PBXTargetDependency section */
		92EC480C1C0B8FE4007A2947 /* PBXTargetDependency */ = {
			isa = PBXTargetDependency;
			target = 92EC47F51C0B8FE4007A2947 /* FriendsPhotos */;
			targetProxy = 92EC480B1C0B8FE4007A2947 /* PBXContainerItemProxy */;
		};
		92EC48171C0B8FE4007A2947 /* PBXTargetDependency */ = {
			isa = PBXTargetDependency;
			target = 92EC47F51C0B8FE4007A2947 /* FriendsPhotos */;
			targetProxy = 92EC48161C0B8FE4007A2947 /* PBXContainerItemProxy */;
		};
/* End PBXTargetDependency section */

/* Begin PBXVariantGroup section */
		92EC47FD1C0B8FE4007A2947 /* Main.storyboard */ = {
			isa = PBXVariantGroup;
			children = (
				92EC47FE1C0B8FE4007A2947 /* Base */,
			);
			name = Main.storyboard;
			sourceTree = "<group>";
		};
		92EC48021C0B8FE4007A2947 /* LaunchScreen.storyboard */ = {
			isa = PBXVariantGroup;
			children = (
				92EC48031C0B8FE4007A2947 /* Base */,
			);
			name = LaunchScreen.storyboard;
			sourceTree = "<group>";
		};
/* End PBXVariantGroup section */

/* Begin XCBuildConfiguration section */
		92EC481C1C0B8FE4007A2947 /* Debug */ = {
			isa = XCBuildConfiguration;
			buildSettings = {
				ALWAYS_SEARCH_USER_PATHS = NO;
				CLANG_CXX_LANGUAGE_STANDARD = "gnu++0x";
				CLANG_CXX_LIBRARY = "libc++";
				CLANG_ENABLE_MODULES = YES;
				CLANG_ENABLE_OBJC_ARC = YES;
				CLANG_WARN_BOOL_CONVERSION = YES;
				CLANG_WARN_CONSTANT_CONVERSION = YES;
				CLANG_WARN_DIRECT_OBJC_ISA_USAGE = YES_ERROR;
				CLANG_WARN_EMPTY_BODY = YES;
				CLANG_WARN_ENUM_CONVERSION = YES;
				CLANG_WARN_INT_CONVERSION = YES;
				CLANG_WARN_OBJC_ROOT_CLASS = YES_ERROR;
				CLANG_WARN_UNREACHABLE_CODE = YES;
				CLANG_WARN__DUPLICATE_METHOD_MATCH = YES;
				"CODE_SIGN_IDENTITY[sdk=iphoneos*]" = "iPhone Developer";
				COPY_PHASE_STRIP = NO;
				DEBUG_INFORMATION_FORMAT = dwarf;
				ENABLE_STRICT_OBJC_MSGSEND = YES;
				ENABLE_TESTABILITY = YES;
				GCC_C_LANGUAGE_STANDARD = gnu99;
				GCC_DYNAMIC_NO_PIC = NO;
				GCC_NO_COMMON_BLOCKS = YES;
				GCC_OPTIMIZATION_LEVEL = 0;
				GCC_PREPROCESSOR_DEFINITIONS = (
					"DEBUG=1",
					"$(inherited)",
				);
				GCC_WARN_64_TO_32_BIT_CONVERSION = YES;
				GCC_WARN_ABOUT_RETURN_TYPE = YES_ERROR;
				GCC_WARN_UNDECLARED_SELECTOR = YES;
				GCC_WARN_UNINITIALIZED_AUTOS = YES_AGGRESSIVE;
				GCC_WARN_UNUSED_FUNCTION = YES;
				GCC_WARN_UNUSED_VARIABLE = YES;
				IPHONEOS_DEPLOYMENT_TARGET = 9.1;
				MTL_ENABLE_DEBUG_INFO = YES;
				ONLY_ACTIVE_ARCH = YES;
				SDKROOT = iphoneos;
				SWIFT_OPTIMIZATION_LEVEL = "-Onone";
			};
			name = Debug;
		};
		92EC481D1C0B8FE4007A2947 /* Release */ = {
			isa = XCBuildConfiguration;
			buildSettings = {
				ALWAYS_SEARCH_USER_PATHS = NO;
				CLANG_CXX_LANGUAGE_STANDARD = "gnu++0x";
				CLANG_CXX_LIBRARY = "libc++";
				CLANG_ENABLE_MODULES = YES;
				CLANG_ENABLE_OBJC_ARC = YES;
				CLANG_WARN_BOOL_CONVERSION = YES;
				CLANG_WARN_CONSTANT_CONVERSION = YES;
				CLANG_WARN_DIRECT_OBJC_ISA_USAGE = YES_ERROR;
				CLANG_WARN_EMPTY_BODY = YES;
				CLANG_WARN_ENUM_CONVERSION = YES;
				CLANG_WARN_INT_CONVERSION = YES;
				CLANG_WARN_OBJC_ROOT_CLASS = YES_ERROR;
				CLANG_WARN_UNREACHABLE_CODE = YES;
				CLANG_WARN__DUPLICATE_METHOD_MATCH = YES;
				"CODE_SIGN_IDENTITY[sdk=iphoneos*]" = "iPhone Developer";
				COPY_PHASE_STRIP = NO;
				DEBUG_INFORMATION_FORMAT = "dwarf-with-dsym";
				ENABLE_NS_ASSERTIONS = NO;
				ENABLE_STRICT_OBJC_MSGSEND = YES;
				GCC_C_LANGUAGE_STANDARD = gnu99;
				GCC_NO_COMMON_BLOCKS = YES;
				GCC_WARN_64_TO_32_BIT_CONVERSION = YES;
				GCC_WARN_ABOUT_RETURN_TYPE = YES_ERROR;
				GCC_WARN_UNDECLARED_SELECTOR = YES;
				GCC_WARN_UNINITIALIZED_AUTOS = YES_AGGRESSIVE;
				GCC_WARN_UNUSED_FUNCTION = YES;
				GCC_WARN_UNUSED_VARIABLE = YES;
				IPHONEOS_DEPLOYMENT_TARGET = 9.1;
				MTL_ENABLE_DEBUG_INFO = NO;
				SDKROOT = iphoneos;
				VALIDATE_PRODUCT = YES;
			};
			name = Release;
		};
		92EC481F1C0B8FE4007A2947 /* Debug */ = {
			isa = XCBuildConfiguration;
			buildSettings = {
				ASSETCATALOG_COMPILER_APPICON_NAME = AppIcon;
				INFOPLIST_FILE = FriendsPhotos/Info.plist;
				LD_RUNPATH_SEARCH_PATHS = "$(inherited) @executable_path/Frameworks";
				PRODUCT_BUNDLE_IDENTIFIER = com.Ivo.FriendsPhotos;
				PRODUCT_NAME = "$(TARGET_NAME)";
			};
			name = Debug;
		};
		92EC48201C0B8FE4007A2947 /* Release */ = {
			isa = XCBuildConfiguration;
			buildSettings = {
				ASSETCATALOG_COMPILER_APPICON_NAME = AppIcon;
				INFOPLIST_FILE = FriendsPhotos/Info.plist;
				LD_RUNPATH_SEARCH_PATHS = "$(inherited) @executable_path/Frameworks";
				PRODUCT_BUNDLE_IDENTIFIER = com.Ivo.FriendsPhotos;
				PRODUCT_NAME = "$(TARGET_NAME)";
			};
			name = Release;
		};
		92EC48221C0B8FE4007A2947 /* Debug */ = {
			isa = XCBuildConfiguration;
			buildSettings = {
				BUNDLE_LOADER = "$(TEST_HOST)";
				INFOPLIST_FILE = FriendsPhotosTests/Info.plist;
				LD_RUNPATH_SEARCH_PATHS = "$(inherited) @executable_path/Frameworks @loader_path/Frameworks";
				PRODUCT_BUNDLE_IDENTIFIER = com.Ivo.FriendsPhotosTests;
				PRODUCT_NAME = "$(TARGET_NAME)";
				TEST_HOST = "$(BUILT_PRODUCTS_DIR)/FriendsPhotos.app/FriendsPhotos";
			};
			name = Debug;
		};
		92EC48231C0B8FE4007A2947 /* Release */ = {
			isa = XCBuildConfiguration;
			buildSettings = {
				BUNDLE_LOADER = "$(TEST_HOST)";
				INFOPLIST_FILE = FriendsPhotosTests/Info.plist;
				LD_RUNPATH_SEARCH_PATHS = "$(inherited) @executable_path/Frameworks @loader_path/Frameworks";
				PRODUCT_BUNDLE_IDENTIFIER = com.Ivo.FriendsPhotosTests;
				PRODUCT_NAME = "$(TARGET_NAME)";
				TEST_HOST = "$(BUILT_PRODUCTS_DIR)/FriendsPhotos.app/FriendsPhotos";
			};
			name = Release;
		};
		92EC48251C0B8FE4007A2947 /* Debug */ = {
			isa = XCBuildConfiguration;
			buildSettings = {
				INFOPLIST_FILE = FriendsPhotosUITests/Info.plist;
				LD_RUNPATH_SEARCH_PATHS = "$(inherited) @executable_path/Frameworks @loader_path/Frameworks";
				PRODUCT_BUNDLE_IDENTIFIER = com.Ivo.FriendsPhotosUITests;
				PRODUCT_NAME = "$(TARGET_NAME)";
				TEST_TARGET_NAME = FriendsPhotos;
				USES_XCTRUNNER = YES;
			};
			name = Debug;
		};
		92EC48261C0B8FE4007A2947 /* Release */ = {
			isa = XCBuildConfiguration;
			buildSettings = {
				INFOPLIST_FILE = FriendsPhotosUITests/Info.plist;
				LD_RUNPATH_SEARCH_PATHS = "$(inherited) @executable_path/Frameworks @loader_path/Frameworks";
				PRODUCT_BUNDLE_IDENTIFIER = com.Ivo.FriendsPhotosUITests;
				PRODUCT_NAME = "$(TARGET_NAME)";
				TEST_TARGET_NAME = FriendsPhotos;
				USES_XCTRUNNER = YES;
			};
			name = Release;
		};
/* End XCBuildConfiguration section */

/* Begin XCConfigurationList section */
		92EC47F11C0B8FE4007A2947 /* Build configuration list for PBXProject "FriendsPhotos" */ = {
			isa = XCConfigurationList;
			buildConfigurations = (
				92EC481C1C0B8FE4007A2947 /* Debug */,
				92EC481D1C0B8FE4007A2947 /* Release */,
			);
			defaultConfigurationIsVisible = 0;
			defaultConfigurationName = Release;
		};
		92EC481E1C0B8FE4007A2947 /* Build configuration list for PBXNativeTarget "FriendsPhotos" */ = {
			isa = XCConfigurationList;
			buildConfigurations = (
				92EC481F1C0B8FE4007A2947 /* Debug */,
				92EC48201C0B8FE4007A2947 /* Release */,
			);
			defaultConfigurationIsVisible = 0;
		};
		92EC48211C0B8FE4007A2947 /* Build configuration list for PBXNativeTarget "FriendsPhotosTests" */ = {
			isa = XCConfigurationList;
			buildConfigurations = (
				92EC48221C0B8FE4007A2947 /* Debug */,
				92EC48231C0B8FE4007A2947 /* Release */,
			);
			defaultConfigurationIsVisible = 0;
		};
		92EC48241C0B8FE4007A2947 /* Build configuration list for PBXNativeTarget "FriendsPhotosUITests" */ = {
			isa = XCConfigurationList;
			buildConfigurations = (
				92EC48251C0B8FE4007A2947 /* Debug */,
				92EC48261C0B8FE4007A2947 /* Release */,
			);
			defaultConfigurationIsVisible = 0;
		};
/* End XCConfigurationList section */
	};
	rootObject = 92EC47EE1C0B8FE4007A2947 /* Project object */;
}
